
Microsoft Visual Studio Solution File, Format Version 12.00
# Visual Studio Version 16
VisualStudioVersion = 16.0.31105.61
MinimumVisualStudioVersion = 10.0.40219.1
Project("{9A19103F-16F7-4668-BE54-9A1E7A4F7556}") = "MyTask", "MyTask\MyTask.csproj", "{49FBDA47-D7EE-4379-A722-D5F75F661FBE}"
EndProject
Project("{9A19103F-16F7-4668-BE54-9A1E7A4F7556}") = "MyClassLibrary", "MyClassLibrary\MyClassLibrary.csproj", "{3964D1F2-43F5-47AA-8988-1A6A93B89698}"
EndProject
Project("{FAE04EC0-301F-11D3-BF4B-00C04F79EFBC}") = "UnitTestApp", "UnitTestApp\UnitTestApp.csproj", "{483BC5CF-B226-4DCA-B435-4C74778A5544}"
EndProject
Global
	GlobalSection(SolutionConfigurationPlatforms) = preSolution
		Debug|Any CPU = Debug|Any CPU
		Release|Any CPU = Release|Any CPU
	EndGlobalSection
	GlobalSection(ProjectConfigurationPlatforms) = postSolution
		{49FBDA47-D7EE-4379-A722-D5F75F661FBE}.Debug|Any CPU.ActiveCfg = Debug|Any CPU
		{49FBDA47-D7EE-4379-A722-D5F75F661FBE}.Debug|Any CPU.Build.0 = Debug|Any CPU
		{49FBDA47-D7EE-4379-A722-D5F75F661FBE}.Release|Any CPU.ActiveCfg = Release|Any CPU
		{49FBDA47-D7EE-4379-A722-D5F75F661FBE}.Release|Any CPU.Build.0 = Release|Any CPU
		{3964D1F2-43F5-47AA-8988-1A6A93B89698}.Debug|Any CPU.ActiveCfg = Debug|Any CPU
		{3964D1F2-43F5-47AA-8988-1A6A93B89698}.Debug|Any CPU.Build.0 = Debug|Any CPU
		{3964D1F2-43F5-47AA-8988-1A6A93B89698}.Release|Any CPU.ActiveCfg = Release|Any CPU
		{3964D1F2-43F5-47AA-8988-1A6A93B89698}.Release|Any CPU.Build.0 = Release|Any CPU
		{483BC5CF-B226-4DCA-B435-4C74778A5544}.Debug|Any CPU.ActiveCfg = Debug|Any CPU
		{483BC5CF-B226-4DCA-B435-4C74778A5544}.Debug|Any CPU.Build.0 = Debug|Any CPU
		{483BC5CF-B226-4DCA-B435-4C74778A5544}.Release|Any CPU.ActiveCfg = Release|Any CPU
		{483BC5CF-B226-4DCA-B435-4C74778A5544}.Release|Any CPU.Build.0 = Release|Any CPU
	EndGlobalSection
	GlobalSection(SolutionProperties) = preSolution
		HideSolutionNode = FALSE
	EndGlobalSection
	GlobalSection(ExtensibilityGlobals) = postSolution
		SolutionGuid = {F5254E44-EAAD-4C51-A926-E78CF0CF7BFC}
	EndGlobalSection
EndGlobal
